{
  "version": "5",
  "specifiers": {
    "jsr:@luca/esbuild-deno-loader@0.11.1": "0.11.1",
    "jsr:@slack/api@2.9.0": "2.9.0",
    "jsr:@slack/api@2.9.3": "2.9.3",
    "jsr:@slack/protocols@0.0.3": "0.0.3",
    "jsr:@slack/sdk@2.15.2": "2.15.2",
    "jsr:@std/bytes@^1.0.2": "1.0.6",
    "jsr:@std/cli@^1.0.4": "1.0.32",
    "jsr:@std/cli@~0.224.6": "0.224.7",
    "jsr:@std/collections@^1.0.5": "1.3.0",
    "jsr:@std/encoding@^1.0.5": "1.0.11",
    "jsr:@std/fs@^1.0.2": "1.0.24",
    "jsr:@std/http@0.206": "0.206.0",
    "jsr:@std/internal@^1.0.14": "1.0.14",
    "jsr:@std/json@^1.0.2": "1.1.0",
    "jsr:@std/jsonc@^1.0.1": "1.0.2",
    "jsr:@std/path@^1.0.3": "1.1.6",
    "jsr:@std/path@^1.0.6": "1.1.6",
    "jsr:@std/path@^1.1.5": "1.1.6",
    "npm:esbuild@0.25.0": "0.25.0"
  },
  "jsr": {
    "@luca/esbuild-deno-loader@0.11.1": {
      "integrity": "dc020d16d75b591f679f6b9288b10f38bdb4f24345edb2f5732affa1d9885267",
      "dependencies": [
        "jsr:@std/bytes",
        "jsr:@std/encoding",
        "jsr:@std/path@^1.0.6"
      ]
    },
    "@slack/api@2.9.0": {
      "integrity": "839dae672f4ff85a98cef7a5e0508943902ac4c1f74e0d072e954b96882fc4d9",
      "dependencies": [
        "jsr:@std/http"
      ]
    },
    "@slack/api@2.9.3": {
      "integrity": "af59b1095b3a762f41f67a961fcab5dae4ce2bafd35d7830f0829188689a0189",
      "dependencies": [
        "jsr:@std/http"
      ]
    },
    "@slack/protocols@0.0.3": {
      "integrity": "59a1f824364d2e03f87aa57f88385be73f70d94a81d09f5f2fb4de476903bc85",
      "dependencies": [
        "jsr:@std/cli@~0.224.6"
      ]
    },
    "@slack/sdk@2.15.2": {
      "integrity": "c8ed0e7dd9a3e29f5779da255e9d73f6384525e21d4af61df506f35e0fa143fc",
      "dependencies": [
        "jsr:@slack/api@2.9.0"
      ]
    },
    "@std/bytes@1.0.6": {
      "integrity": "f6ac6adbd8ccd99314045f5703e23af0a68d7f7e58364b47d2c7f408aeb5820a"
    },
    "@std/cli@0.224.7": {
      "integrity": "654ca6477518e5e3a0d3fabafb2789e92b8c0febf1a1d24ba4b567aba94b5977"
    },
    "@std/cli@1.0.32": {
      "integrity": "188b3a100d6202d64e3f5bd3d799c7fa4f6d77f92cc65eb7f641c1fa0aa92a66",
      "dependencies": [
        "jsr:@std/internal"
      ]
    },
    "@std/collections@1.3.0": {
      "integrity": "eb36b43d784477ea0b476483ac034a14bdd182aff921c812ecf662a1fcef9498"
    },
    "@std/encoding@1.0.11": {
      "integrity": "e7cef2f0b3153bccc17431e7c864a1de03a4b6d9647389c43e08aaa775d37385"
    },
    "@std/fs@1.0.24": {
      "integrity": "f3061b45b81673a2bece689da041df32d174be064c89eb6397fb5718d3fb7877",
      "dependencies": [
        "jsr:@std/internal",
        "jsr:@std/path@^1.1.5"
      ]
    },
    "@std/http@0.206.0": {
      "integrity": "8e172a7129339fb80e7c9b36fc6bc6c0dd3f22d02c48b081d5dcfdc37cd1ea38"
    },
    "@std/internal@1.0.14": {
      "integrity": "291516b3d4c35024d6ffbc0a9df5bf4c64116e05b50012cf846710152d2ffdf7"
    },
    "@std/json@1.1.0": {
      "integrity": "93330d3ed4054d6b1ffe54b075432c80a5f671be77277b978931e018014cb1cc"
    },
    "@std/jsonc@1.0.2": {
      "integrity": "909605dae3af22bd75b1cbda8d64a32cf1fd2cf6efa3f9e224aba6d22c0f44c7",
      "dependencies": [
        "jsr:@std/json"
      ]
    },
    "@std/path@1.1.6": {
      "integrity": "c68485c2a4dfbb5ae3cc74fae4e8c4e5d874cf8a8ed12927917235c758b46cbe",
      "dependencies": [
        "jsr:@std/internal"
      ]
    }
  },
  "npm": {
    "@esbuild/aix-ppc64@0.25.0": {
      "integrity": "sha512-O7vun9Sf8DFjH2UtqK8Ku3LkquL9SZL8OLY1T5NZkA34+wG3OQF7cl4Ql8vdNzM6fzBbYfLaiRLIOZ+2FOCgBQ==",
      "os": ["aix"],
      "cpu": ["ppc64"]
    },
    "@esbuild/android-arm64@0.25.0": {
      "integrity": "sha512-grvv8WncGjDSyUBjN9yHXNt+cq0snxXbDxy5pJtzMKGmmpPxeAmAhWxXI+01lU5rwZomDgD3kJwulEnhTRUd6g==",
      "os": ["android"],
      "cpu": ["arm64"]
    },
    "@esbuild/android-arm@0.25.0": {
      "integrity": "sha512-PTyWCYYiU0+1eJKmw21lWtC+d08JDZPQ5g+kFyxP0V+es6VPPSUhM6zk8iImp2jbV6GwjX4pap0JFbUQN65X1g==",
      "os": ["android"],
      "cpu": ["arm"]
    },
    "@esbuild/android-x64@0.25.0": {
      "integrity": "sha512-m/ix7SfKG5buCnxasr52+LI78SQ+wgdENi9CqyCXwjVR2X4Jkz+BpC3le3AoBPYTC9NHklwngVXvbJ9/Akhrfg==",
      "os": ["android"],
      "cpu": ["x64"]
    },
    "@esbuild/darwin-arm64@0.25.0": {
      "integrity": "sha512-mVwdUb5SRkPayVadIOI78K7aAnPamoeFR2bT5nszFUZ9P8UpK4ratOdYbZZXYSqPKMHfS1wdHCJk1P1EZpRdvw==",
      "os": ["darwin"],
      "cpu": ["arm64"]
    },
    "@esbuild/darwin-x64@0.25.0": {
      "integrity": "sha512-DgDaYsPWFTS4S3nWpFcMn/33ZZwAAeAFKNHNa1QN0rI4pUjgqf0f7ONmXf6d22tqTY+H9FNdgeaAa+YIFUn2Rg==",
      "os": ["darwin"],
      "cpu": ["x64"]
    },
    "@esbuild/freebsd-arm64@0.25.0": {
      "integrity": "sha512-VN4ocxy6dxefN1MepBx/iD1dH5K8qNtNe227I0mnTRjry8tj5MRk4zprLEdG8WPyAPb93/e4pSgi1SoHdgOa4w==",
      "os": ["freebsd"],
      "cpu": ["arm64"]
    },
    "@esbuild/freebsd-x64@0.25.0": {
      "integrity": "sha512-mrSgt7lCh07FY+hDD1TxiTyIHyttn6vnjesnPoVDNmDfOmggTLXRv8Id5fNZey1gl/V2dyVK1VXXqVsQIiAk+A==",
      "os": ["freebsd"],
      "cpu": ["x64"]
    },
    "@esbuild/linux-arm64@0.25.0": {
      "integrity": "sha512-9QAQjTWNDM/Vk2bgBl17yWuZxZNQIF0OUUuPZRKoDtqF2k4EtYbpyiG5/Dk7nqeK6kIJWPYldkOcBqjXjrUlmg==",
      "os": ["linux"],
      "cpu": ["arm64"]
    },
    "@esbuild/linux-arm@0.25.0": {
      "integrity": "sha512-vkB3IYj2IDo3g9xX7HqhPYxVkNQe8qTK55fraQyTzTX/fxaDtXiEnavv9geOsonh2Fd2RMB+i5cbhu2zMNWJwg==",
      "os": ["linux"],
      "cpu": ["arm"]
    },
    "@esbuild/linux-ia32@0.25.0": {
      "integrity": "sha512-43ET5bHbphBegyeqLb7I1eYn2P/JYGNmzzdidq/w0T8E2SsYL1U6un2NFROFRg1JZLTzdCoRomg8Rvf9M6W6Gg==",
      "os": ["linux"],
      "cpu": ["ia32"]
    },
    "@esbuild/linux-loong64@0.25.0": {
      "integrity": "sha512-fC95c/xyNFueMhClxJmeRIj2yrSMdDfmqJnyOY4ZqsALkDrrKJfIg5NTMSzVBr5YW1jf+l7/cndBfP3MSDpoHw==",
      "os": ["linux"],
      "cpu": ["loong64"]
    },
    "@esbuild/linux-mips64el@0.25.0": {
      "integrity": "sha512-nkAMFju7KDW73T1DdH7glcyIptm95a7Le8irTQNO/qtkoyypZAnjchQgooFUDQhNAy4iu08N79W4T4pMBwhPwQ==",
      "os": ["linux"],
      "cpu": ["mips64el"]
    },
    "@esbuild/linux-ppc64@0.25.0": {
      "integrity": "sha512-NhyOejdhRGS8Iwv+KKR2zTq2PpysF9XqY+Zk77vQHqNbo/PwZCzB5/h7VGuREZm1fixhs4Q/qWRSi5zmAiO4Fw==",
      "os": ["linux"],
      "cpu": ["ppc64"]
    },
    "@esbuild/linux-riscv64@0.25.0": {
      "integrity": "sha512-5S/rbP5OY+GHLC5qXp1y/Mx//e92L1YDqkiBbO9TQOvuFXM+iDqUNG5XopAnXoRH3FjIUDkeGcY1cgNvnXp/kA==",
      "os": ["linux"],
      "cpu": ["riscv64"]
    },
    "@esbuild/linux-s390x@0.25.0": {
      "integrity": "sha512-XM2BFsEBz0Fw37V0zU4CXfcfuACMrppsMFKdYY2WuTS3yi8O1nFOhil/xhKTmE1nPmVyvQJjJivgDT+xh8pXJA==",
      "os": ["linux"],
      "cpu": ["s390x"]
    },
    "@esbuild/linux-x64@0.25.0": {
      "integrity": "sha512-9yl91rHw/cpwMCNytUDxwj2XjFpxML0y9HAOH9pNVQDpQrBxHy01Dx+vaMu0N1CKa/RzBD2hB4u//nfc+Sd3Cw==",
      "os": ["linux"],
      "cpu": ["x64"]
    },
    "@esbuild/netbsd-arm64@0.25.0": {
      "integrity": "sha512-RuG4PSMPFfrkH6UwCAqBzauBWTygTvb1nxWasEJooGSJ/NwRw7b2HOwyRTQIU97Hq37l3npXoZGYMy3b3xYvPw==",
      "os": ["netbsd"],
      "cpu": ["arm64"]
    },
    "@esbuild/netbsd-x64@0.25.0": {
      "integrity": "sha512-jl+qisSB5jk01N5f7sPCsBENCOlPiS/xptD5yxOx2oqQfyourJwIKLRA2yqWdifj3owQZCL2sn6o08dBzZGQzA==",
      "os": ["netbsd"],
      "cpu": ["x64"]
    },
    "@esbuild/openbsd-arm64@0.25.0": {
      "integrity": "sha512-21sUNbq2r84YE+SJDfaQRvdgznTD8Xc0oc3p3iW/a1EVWeNj/SdUCbm5U0itZPQYRuRTW20fPMWMpcrciH2EJw==",
      "os": ["openbsd"],
      "cpu": ["arm64"]
    },
    "@esbuild/openbsd-x64@0.25.0": {
      "integrity": "sha512-2gwwriSMPcCFRlPlKx3zLQhfN/2WjJ2NSlg5TKLQOJdV0mSxIcYNTMhk3H3ulL/cak+Xj0lY1Ym9ysDV1igceg==",
      "os": ["openbsd"],
      "cpu": ["x64"]
    },
    "@esbuild/sunos-x64@0.25.0": {
      "integrity": "sha512-bxI7ThgLzPrPz484/S9jLlvUAHYMzy6I0XiU1ZMeAEOBcS0VePBFxh1JjTQt3Xiat5b6Oh4x7UC7IwKQKIJRIg==",
      "os": ["sunos"],
      "cpu": ["x64"]
    },
    "@esbuild/win32-arm64@0.25.0": {
      "integrity": "sha512-ZUAc2YK6JW89xTbXvftxdnYy3m4iHIkDtK3CLce8wg8M2L+YZhIvO1DKpxrd0Yr59AeNNkTiic9YLf6FTtXWMw==",
      "os": ["win32"],
      "cpu": ["arm64"]
    },
    "@esbuild/win32-ia32@0.25.0": {
      "integrity": "sha512-eSNxISBu8XweVEWG31/JzjkIGbGIJN/TrRoiSVZwZ6pkC6VX4Im/WV2cz559/TXLcYbcrDN8JtKgd9DJVIo8GA==",
      "os": ["win32"],
      "cpu": ["ia32"]
    },
    "@esbuild/win32-x64@0.25.0": {
      "integrity": "sha512-ZENoHJBxA20C2zFzh6AI4fT6RraMzjYw4xKWemRTRmRVtN9c5DcH9r/f2ihEkMjOW5eGgrwCslG/+Y/3bL+DHQ==",
      "os": ["win32"],
      "cpu": ["x64"]
    },
    "esbuild@0.25.0": {
      "integrity": "sha512-BXq5mqc8ltbaN34cDqWuYKyNhX8D/Z0J1xdtdQ8UcIIIyJyz+ZMKUt58tF3SrZ85jcfN/PZYhjR5uDQAYNVbuw==",
      "optionalDependencies": [
        "@esbuild/aix-ppc64",
        "@esbuild/android-arm",
        "@esbuild/android-arm64",
        "@esbuild/android-x64",
        "@esbuild/darwin-arm64",
        "@esbuild/darwin-x64",
        "@esbuild/freebsd-arm64",
        "@esbuild/freebsd-x64",
        "@esbuild/linux-arm",
        "@esbuild/linux-arm64",
        "@esbuild/linux-ia32",
        "@esbuild/linux-loong64",
        "@esbuild/linux-mips64el",
        "@esbuild/linux-ppc64",
        "@esbuild/linux-riscv64",
        "@esbuild/linux-s390x",
        "@esbuild/linux-x64",
        "@esbuild/netbsd-arm64",
        "@esbuild/netbsd-x64",
        "@esbuild/openbsd-arm64",
        "@esbuild/openbsd-x64",
        "@esbuild/sunos-x64",
        "@esbuild/win32-arm64",
        "@esbuild/win32-ia32",
        "@esbuild/win32-x64"
      ],
      "scripts": true,
      "bin": true
    }
  },
  "remote": {
    "https://deno.land/x/deno_slack_hooks@1.5.0/build.ts": "ec2509e60a7d370c3d2a653b727d01a7330f457c8b77ca7b44976b963c45a063",
    "https://deno.land/x/deno_slack_hooks@1.5.0/bundler/deno2_bundler.ts": "f80568d92b02c799cce7c2de62def483e8f132e5f87edbc1236a66adef871e14",
    "https://deno.land/x/deno_slack_hooks@1.5.0/bundler/deno_bundler.ts": "b1a23660250d8dbc9ffc8499f2a75dc6da4da3d56f57ef96dfdf8a94c541247c",
    "https://deno.land/x/deno_slack_hooks@1.5.0/bundler/esbuild_bundler.ts": "3d1dc26a0bacc50e31bdb5b90afa3e4229d07405e042f783aebd1235da5c761a",
    "https://deno.land/x/deno_slack_hooks@1.5.0/bundler/mods.ts": "6e627cc1924f90f4dadc689a2a920260cc46b30d42d964cfa188d28af287d149",
    "https://deno.land/x/deno_slack_hooks@1.5.0/errors.ts": "8effa8e4ca0f14978e99f366913e09fbebd3bd658ed88f2689fa0a049d375579",
    "https://deno.land/x/deno_slack_hooks@1.5.0/flags.ts": "46c5e4281aa3e3d1fd794bd77eaef2bd120d331abec8cb7924570e8fe2e7e59b",
    "https://deno.land/x/deno_slack_hooks@1.5.0/get_manifest.ts": "3fbdbd34ebc78007a8e528d6e5784b3a26b59dc96461d22376aa220e76dfd5de",
    "https://deno.land/x/deno_slack_hooks@1.5.0/get_trigger.ts": "5efb218a0ed30a06d41564e3d06c0dcb833c91abfcc8b9ec2531d081765c229c",
    "https://deno.land/x/deno_slack_hooks@1.5.0/libraries.ts": "8e8d49d42fcfb69e39c91cb44d1f6a1400741b694bebf39e6adab6e9459c1122",
    "https://deno.land/x/deno_slack_hooks@1.5.0/mod.ts": "44be92a67a85191d064048af08d8bf4854c0195eabfe72bffdd4ce4ada3cb84f",
    "https://deno.land/x/deno_slack_hooks@1.5.0/utilities.ts": "2227ab599f2e716940da6b0ab4d3628b66d63c95b05af56768045b0e126bbe29",
    "https://deno.land/x/deno_slack_hooks@1.5.0/version.ts": "5e84845fa9c8be90d9a404bce266cef1b2b06ac46fa872dc4c37e26fb6bef29c"
  },
  "workspace": {
    "dependencies": [
      "jsr:@slack/api@2.9.3",
      "jsr:@slack/sdk@2.15.2",
      "npm:esbuild@0.25.0"
    ]
  }
}
